
Microsoft Visual Studio Solution File, Format Version 12.00
# Visual Studio Version 16
VisualStudioVersion = 16.0.29728.190
MinimumVisualStudioVersion = 10.0.40219.1
Project("{FAE04EC0-301F-11D3-BF4B-00C04F79EFBC}") = "MobileShopping", "MobileShopping\MobileShopping.csproj", "{846CCE65-BB26-4727-9EBF-E80B1CBE7AC4}"
EndProject
Project("{FAE04EC0-301F-11D3-BF4B-00C04F79EFBC}") = "MobileShopping.entity", "MobileShopping.entity\MobileShopping.entity.csproj", "{37D593C6-292A-4F3B-817C-35C7C7A29B60}"
EndProject
Project("{FAE04EC0-301F-11D3-BF4B-00C04F79EFBC}") = "MobileShopping.Repository", "MobileShopping.Repository\MobileShopping.Repository.csproj", "{53D32695-BACF-4F1E-B63C-BA908AC93B47}"
EndProject
Global
	GlobalSection(SolutionConfigurationPlatforms) = preSolution
		Debug|Any CPU = Debug|Any CPU
		Release|Any CPU = Release|Any CPU
	EndGlobalSection
	GlobalSection(ProjectConfigurationPlatforms) = postSolution
		{846CCE65-BB26-4727-9EBF-E80B1CBE7AC4}.Debug|Any CPU.ActiveCfg = Debug|Any CPU
		{846CCE65-BB26-4727-9EBF-E80B1CBE7AC4}.Debug|Any CPU.Build.0 = Debug|Any CPU
		{846CCE65-BB26-4727-9EBF-E80B1CBE7AC4}.Release|Any CPU.ActiveCfg = Release|Any CPU
		{846CCE65-BB26-4727-9EBF-E80B1CBE7AC4}.Release|Any CPU.Build.0 = Release|Any CPU
		{37D593C6-292A-4F3B-817C-35C7C7A29B60}.Debug|Any CPU.ActiveCfg = Debug|Any CPU
		{37D593C6-292A-4F3B-817C-35C7C7A29B60}.Debug|Any CPU.Build.0 = Debug|Any CPU
		{37D593C6-292A-4F3B-817C-35C7C7A29B60}.Release|Any CPU.ActiveCfg = Release|Any CPU
		{37D593C6-292A-4F3B-817C-35C7C7A29B60}.Release|Any CPU.Build.0 = Release|Any CPU
		{53D32695-BACF-4F1E-B63C-BA908AC93B47}.Debug|Any CPU.ActiveCfg = Debug|Any CPU
		{53D32695-BACF-4F1E-B63C-BA908AC93B47}.Debug|Any CPU.Build.0 = Debug|Any CPU
		{53D32695-BACF-4F1E-B63C-BA908AC93B47}.Release|Any CPU.ActiveCfg = Release|Any CPU
		{53D32695-BACF-4F1E-B63C-BA908AC93B47}.Release|Any CPU.Build.0 = Release|Any CPU
	EndGlobalSection
	GlobalSection(SolutionProperties) = preSolution
		HideSolutionNode = FALSE
	EndGlobalSection
	GlobalSection(ExtensibilityGlobals) = postSolution
		SolutionGuid = {99753D2F-ABD3-4273-A860-AB88149E7879}
	EndGlobalSection
EndGlobal
